
Microsoft Visual Studio Solution File, Format Version 12.00
# Visual Studio Version 17
VisualStudioVersion = 17.11.35327.3
MinimumVisualStudioVersion = 10.0.40219.1
Project("{2150E333-8FDC-42A3-9474-1A3956D46DE8}") = "DesignPatterns", "DesignPatterns", "{C99F9196-C8A9-4814-8507-253413F6D5B2}"
EndProject
Project("{2150E333-8FDC-42A3-9474-1A3956D46DE8}") = "Behavioral", "Behavioral", "{854CC4D6-F167-4055-A041-7EF5478FA435}"
EndProject
Project("{FAE04EC0-301F-11D3-BF4B-00C04F79EFBC}") = "1.Memento", "1.Memento\1.Memento.csproj", "{E96850F9-DA55-4B4E-A8C4-A90D7E043395}"
EndProject
Project("{FAE04EC0-301F-11D3-BF4B-00C04F79EFBC}") = "2.State", "2.State\2.State.csproj", "{ABC4647C-BE85-467A-91D5-21981F974826}"
EndProject
Project("{2150E333-8FDC-42A3-9474-1A3956D46DE8}") = "DependencyInjection", "DependencyInjection", "{09739915-792C-4FF7-933E-D99F328D1B8F}"
EndProject
Project("{2150E333-8FDC-42A3-9474-1A3956D46DE8}") = "1.Introduction", "1.Introduction", "{126E5448-E11E-45CD-B972-23B789BC1A34}"
EndProject
Project("{FAE04EC0-301F-11D3-BF4B-00C04F79EFBC}") = "TheDependencyProblem", "TheDependencyProblem\TheDependencyProblem.csproj", "{97EA18B8-9F2E-4568-99D0-AD9990996431}"
EndProject
Project("{2150E333-8FDC-42A3-9474-1A3956D46DE8}") = "Fundamentals", "Fundamentals", "{9C0EBBAF-E738-47E8-B75A-76D10372F9BE}"
EndProject
Project("{FAE04EC0-301F-11D3-BF4B-00C04F79EFBC}") = "3.Strategy", "3.Strategy\3.Strategy.csproj", "{FC271D81-08D9-4DAB-99BE-A8B73ABE4866}"
EndProject
Project("{FAE04EC0-301F-11D3-BF4B-00C04F79EFBC}") = "Fundamentals.Collections", "Fundamentals.Collections\Fundamentals.Collections.csproj", "{1E24BF7E-2B65-4771-9B01-F3D2FACA60E8}"
EndProject
Project("{2150E333-8FDC-42A3-9474-1A3956D46DE8}") = "Linq", "Linq", "{11EEA71C-05FF-4F80-871E-AFD3166F5237}"
EndProject
Project("{FAE04EC0-301F-11D3-BF4B-00C04F79EFBC}") = "Linq.Data", "Linq.Data\Linq.Data.csproj", "{6BB1100D-856E-470D-80AD-A81B8F968B72}"
EndProject
Project("{FAE04EC0-301F-11D3-BF4B-00C04F79EFBC}") = "Linq.Cmd", "Linq.Cmd\Linq.Cmd.csproj", "{91857A67-0708-474C-B241-659E6E483ED3}"
EndProject
Global
	GlobalSection(SolutionConfigurationPlatforms) = preSolution
		Debug|Any CPU = Debug|Any CPU
		Release|Any CPU = Release|Any CPU
	EndGlobalSection
	GlobalSection(ProjectConfigurationPlatforms) = postSolution
		{E96850F9-DA55-4B4E-A8C4-A90D7E043395}.Debug|Any CPU.ActiveCfg = Debug|Any CPU
		{E96850F9-DA55-4B4E-A8C4-A90D7E043395}.Debug|Any CPU.Build.0 = Debug|Any CPU
		{E96850F9-DA55-4B4E-A8C4-A90D7E043395}.Release|Any CPU.ActiveCfg = Release|Any CPU
		{E96850F9-DA55-4B4E-A8C4-A90D7E043395}.Release|Any CPU.Build.0 = Release|Any CPU
		{ABC4647C-BE85-467A-91D5-21981F974826}.Debug|Any CPU.ActiveCfg = Debug|Any CPU
		{ABC4647C-BE85-467A-91D5-21981F974826}.Debug|Any CPU.Build.0 = Debug|Any CPU
		{ABC4647C-BE85-467A-91D5-21981F974826}.Release|Any CPU.ActiveCfg = Release|Any CPU
		{ABC4647C-BE85-467A-91D5-21981F974826}.Release|Any CPU.Build.0 = Release|Any CPU
		{97EA18B8-9F2E-4568-99D0-AD9990996431}.Debug|Any CPU.ActiveCfg = Debug|Any CPU
		{97EA18B8-9F2E-4568-99D0-AD9990996431}.Debug|Any CPU.Build.0 = Debug|Any CPU
		{97EA18B8-9F2E-4568-99D0-AD9990996431}.Release|Any CPU.ActiveCfg = Release|Any CPU
		{97EA18B8-9F2E-4568-99D0-AD9990996431}.Release|Any CPU.Build.0 = Release|Any CPU
		{FC271D81-08D9-4DAB-99BE-A8B73ABE4866}.Debug|Any CPU.ActiveCfg = Debug|Any CPU
		{FC271D81-08D9-4DAB-99BE-A8B73ABE4866}.Debug|Any CPU.Build.0 = Debug|Any CPU
		{FC271D81-08D9-4DAB-99BE-A8B73ABE4866}.Release|Any CPU.ActiveCfg = Release|Any CPU
		{FC271D81-08D9-4DAB-99BE-A8B73ABE4866}.Release|Any CPU.Build.0 = Release|Any CPU
		{1E24BF7E-2B65-4771-9B01-F3D2FACA60E8}.Debug|Any CPU.ActiveCfg = Debug|Any CPU
		{1E24BF7E-2B65-4771-9B01-F3D2FACA60E8}.Debug|Any CPU.Build.0 = Debug|Any CPU
		{1E24BF7E-2B65-4771-9B01-F3D2FACA60E8}.Release|Any CPU.ActiveCfg = Release|Any CPU
		{1E24BF7E-2B65-4771-9B01-F3D2FACA60E8}.Release|Any CPU.Build.0 = Release|Any CPU
		{6BB1100D-856E-470D-80AD-A81B8F968B72}.Debug|Any CPU.ActiveCfg = Debug|Any CPU
		{6BB1100D-856E-470D-80AD-A81B8F968B72}.Debug|Any CPU.Build.0 = Debug|Any CPU
		{6BB1100D-856E-470D-80AD-A81B8F968B72}.Release|Any CPU.ActiveCfg = Release|Any CPU
		{6BB1100D-856E-470D-80AD-A81B8F968B72}.Release|Any CPU.Build.0 = Release|Any CPU
		{91857A67-0708-474C-B241-659E6E483ED3}.Debug|Any CPU.ActiveCfg = Debug|Any CPU
		{91857A67-0708-474C-B241-659E6E483ED3}.Debug|Any CPU.Build.0 = Debug|Any CPU
		{91857A67-0708-474C-B241-659E6E483ED3}.Release|Any CPU.ActiveCfg = Release|Any CPU
		{91857A67-0708-474C-B241-659E6E483ED3}.Release|Any CPU.Build.0 = Release|Any CPU
	EndGlobalSection
	GlobalSection(SolutionProperties) = preSolution
		HideSolutionNode = FALSE
	EndGlobalSection
	GlobalSection(ExtensibilityGlobals) = postSolution
		SolutionGuid = {323FABFC-88F1-4D18-84DA-4E6B5301EAE6}
	EndGlobalSection
	GlobalSection(NestedProjects) = preSolution
		{854CC4D6-F167-4055-A041-7EF5478FA435} = {C99F9196-C8A9-4814-8507-253413F6D5B2}
		{E96850F9-DA55-4B4E-A8C4-A90D7E043395} = {854CC4D6-F167-4055-A041-7EF5478FA435}
		{ABC4647C-BE85-467A-91D5-21981F974826} = {854CC4D6-F167-4055-A041-7EF5478FA435}
		{126E5448-E11E-45CD-B972-23B789BC1A34} = {09739915-792C-4FF7-933E-D99F328D1B8F}
		{97EA18B8-9F2E-4568-99D0-AD9990996431} = {126E5448-E11E-45CD-B972-23B789BC1A34}
		{FC271D81-08D9-4DAB-99BE-A8B73ABE4866} = {854CC4D6-F167-4055-A041-7EF5478FA435}
		{1E24BF7E-2B65-4771-9B01-F3D2FACA60E8} = {9C0EBBAF-E738-47E8-B75A-76D10372F9BE}
		{6BB1100D-856E-470D-80AD-A81B8F968B72} = {11EEA71C-05FF-4F80-871E-AFD3166F5237}
		{91857A67-0708-474C-B241-659E6E483ED3} = {11EEA71C-05FF-4F80-871E-AFD3166F5237}
	EndGlobalSection
EndGlobal
